version: 3
metadata:
  content_hash:
    linux-64: e90c2ee71ad70fc0a1c8302029533a7d1498f2bffcd0eaa8d2934700e775dc1d
  channels:
  - url: https://conda.anaconda.org/conda-forge/
    used_env_vars: []
  platforms:
  - linux-64
  sources: []
  time_metadata: null
  git_metadata: null
  inputs_metadata: null
  custom_metadata: null
package:
- platform: linux-64
  name: _libgcc_mutex
  version: '0.1'
  category: main
  manager: conda
  dependencies: []
  url: https://conda.anaconda.org/conda-forge/linux-64/_libgcc_mutex-0.1-conda_forge.tar.bz2
  hash:
    md5: d7c89558ba9fa0495403155b64376d81
    sha256: fe51de6107f9edc7aa4f786a70f4a883943bc9d39b3bb7307c04c41410990726
  build: conda_forge
  arch: x86_64
  subdir: linux-64
  build_number: 0
  license: None
  size: 2562
  timestamp: 1578324546067
- platform: linux-64
  name: _openmp_mutex
  version: '4.5'
  category: main
  manager: conda
  dependencies:
  - libgomp >=7.5.0
  - _libgcc_mutex ==0.1 conda_forge
  url: https://conda.anaconda.org/conda-forge/linux-64/_openmp_mutex-4.5-2_gnu.tar.bz2
  hash:
    md5: 73aaf86a425cc6e73fcf236a5a46396d
    sha256: fbe2c5e56a653bebb982eda4876a9178aedfc2b545f25d0ce9c4c0b508253d22
  build: 2_gnu
  arch: x86_64
  subdir: linux-64
  build_number: 16
  constrains:
  - openmp_impl 9999
  license: BSD-3-Clause
  license_family: BSD
  size: 23621
  timestamp: 1650670423406
- platform: linux-64
  name: glfw
  version: 3.3.9
  category: main
  manager: conda
  dependencies:
  - xorg-libxrandr *
  - xorg-libxcursor *
  - xorg-libxinerama >=1.1.5,<1.2.0a0
  - xorg-libx11 >=1.8.7,<2.0a0
  - libgcc-ng >=12
  url: https://conda.anaconda.org/conda-forge/linux-64/glfw-3.3.9-hd590300_0.conda
  hash:
    md5: 0bcf0fbbc357108ce6915c55c1f4b5a6
    sha256: 7aa72cab0063ccb205860f09be409d9e1469a179ebd7fdfbaa45ad576492dc7e
  build: hd590300_0
  arch: x86_64
  subdir: linux-64
  build_number: 0
  license: Zlib
  size: 128209
  timestamp: 1702521018709
- platform: linux-64
  name: glm
  version: 0.9.9.8
  category: main
  manager: conda
  dependencies:
  - libgcc-ng >=12
  - libstdcxx-ng >=12
  url: https://conda.anaconda.org/conda-forge/linux-64/glm-0.9.9.8-h00ab1b0_0.conda
  hash:
    md5: 03e44a0dcb373e50479a64260714aee4
    sha256: 5ea75d8a9a0dd3e190e911db25351879d349c281cefb2f59573d50bdcf735bac
  build: h00ab1b0_0
  arch: x86_64
  subdir: linux-64
  build_number: 0
  license: MIT
  license_family: MIT
  size: 217770
  timestamp: 1683111306984
- platform: linux-64
  name: libgcc-ng
  version: 13.2.0
  category: main
  manager: conda
  dependencies:
  - _libgcc_mutex ==0.1 conda_forge
  - _openmp_mutex >=4.5
  url: https://conda.anaconda.org/conda-forge/linux-64/libgcc-ng-13.2.0-h807b86a_3.conda
  hash:
    md5: 23fdf1fef05baeb7eadc2aed5fb0011f
    sha256: 5e88f658e07a30ab41b154b42c59f079b168acfa9551a75bdc972099453f4105
  build: h807b86a_3
  arch: x86_64
  subdir: linux-64
  build_number: 3
  constrains:
  - libgomp 13.2.0 h807b86a_3
  license: GPL-3.0-only WITH GCC-exception-3.1
  license_family: GPL
  size: 773629
  timestamp: 1699753612541
- platform: linux-64
  name: libgomp
  version: 13.2.0
  category: main
  manager: conda
  dependencies:
  - _libgcc_mutex ==0.1 conda_forge
  url: https://conda.anaconda.org/conda-forge/linux-64/libgomp-13.2.0-h807b86a_3.conda
  hash:
    md5: 7124cbb46b13d395bdde68f2d215c989
    sha256: 6ebedee39b6bbbc969715d0d7fa4b381cce67e1139862604ffa393f821c08e81
  build: h807b86a_3
  arch: x86_64
  subdir: linux-64
  build_number: 3
  license: GPL-3.0-only WITH GCC-exception-3.1
  license_family: GPL
  size: 421834
  timestamp: 1699753531479
- platform: linux-64
  name: libstdcxx-ng
  version: 13.2.0
  category: main
  manager: conda
  dependencies: []
  url: https://conda.anaconda.org/conda-forge/linux-64/libstdcxx-ng-13.2.0-h7e041cc_3.conda
  hash:
    md5: 937eaed008f6bf2191c5fe76f87755e9
    sha256: 6c6c49efedcc5709a66f19fb6b26b69c6a5245310fd1d9a901fd5e38aaf7f882
  build: h7e041cc_3
  arch: x86_64
  subdir: linux-64
  build_number: 3
  license: GPL-3.0-only WITH GCC-exception-3.1
  license_family: GPL
  size: 3842940
  timestamp: 1699753676253
- platform: linux-64
  name: libxcb
  version: '1.15'
  category: main
  manager: conda
  dependencies:
  - xorg-libxau *
  - xorg-libxdmcp *
  - libgcc-ng >=12
  - pthread-stubs *
  url: https://conda.anaconda.org/conda-forge/linux-64/libxcb-1.15-h0b41bf4_0.conda
  hash:
    md5: 33277193f5b92bad9fdd230eb700929c
    sha256: a670902f0a3173a466c058d2ac22ca1dd0df0453d3a80e0212815c20a16b0485
  build: h0b41bf4_0
  arch: x86_64
  subdir: linux-64
  build_number: 0
  license: MIT
  license_family: MIT
  size: 384238
  timestamp: 1682082368177
- platform: linux-64
  name: pthread-stubs
  version: '0.4'
  category: main
  manager: conda
  dependencies:
  - libgcc-ng >=7.5.0
  url: https://conda.anaconda.org/conda-forge/linux-64/pthread-stubs-0.4-h36c2ea0_1001.tar.bz2
  hash:
    md5: 22dad4df6e8630e8dff2428f6f6a7036
    sha256: 67c84822f87b641d89df09758da498b2d4558d47b920fd1d3fe6d3a871e000ff
  build: h36c2ea0_1001
  arch: x86_64
  subdir: linux-64
  build_number: 1001
  license: MIT
  license_family: MIT
  size: 5625
  timestamp: 1606147468727
- platform: linux-64
  name: webgpu-headers
  version: 0.0.0.2023.11.27.d02fec1
  category: main
  manager: conda
  dependencies:
  - __unix
  url: https://conda.anaconda.org/conda-forge/noarch/webgpu-headers-0.0.0.2023.11.27.d02fec1-h707e725_0.conda
  hash:
    md5: 85caf66ceb954efba8d597e8064e91ae
    sha256: cd3c0fbf679b44c46b97cc248f39a28d30af719fc2252af6b56133ccca8c68d6
  build: h707e725_0
  arch: x86_64
  subdir: linux-64
  build_number: 0
  license: BSD-3-Clause
  license_family: BSD
  noarch: generic
  size: 17583
  timestamp: 1701779252413
- platform: linux-64
  name: wgpu-native
  version: 0.18.1.4
  category: main
  manager: conda
  dependencies:
  - __glibc >=2.17,<3.0.a0
  - libgcc-ng >=12
  - libstdcxx-ng >=12
  url: https://conda.anaconda.org/conda-forge/linux-64/wgpu-native-0.18.1.4-h2b8f863_0.conda
  hash:
    md5: 28b1badaa4f5c3854cebc157a01f0968
    sha256: 8c136a5bebb4e8a615735e746e39ac104bb91ebe0857723732a51260bc79b30d
  build: h2b8f863_0
  arch: x86_64
  subdir: linux-64
  build_number: 0
  license: MIT OR Apache-2.0
  size: 2789533
  timestamp: 1702316083907
- platform: linux-64
  name: xorg-fixesproto
  version: '5.0'
  category: main
  manager: conda
  dependencies:
  - xorg-xextproto *
  - libgcc-ng >=9.3.0
  url: https://conda.anaconda.org/conda-forge/linux-64/xorg-fixesproto-5.0-h7f98852_1002.tar.bz2
  hash:
    md5: 65ad6e1eb4aed2b0611855aff05e04f6
    sha256: 5d2af1b40f82128221bace9466565eca87c97726bb80bbfcd03871813f3e1876
  build: h7f98852_1002
  arch: x86_64
  subdir: linux-64
  build_number: 1002
  license: MIT
  license_family: MIT
  size: 9122
  timestamp: 1617479697350
- platform: linux-64
  name: xorg-kbproto
  version: 1.0.7
  category: main
  manager: conda
  dependencies:
  - libgcc-ng >=9.3.0
  url: https://conda.anaconda.org/conda-forge/linux-64/xorg-kbproto-1.0.7-h7f98852_1002.tar.bz2
  hash:
    md5: 4b230e8381279d76131116660f5a241a
    sha256: e90b0a6a5d41776f11add74aa030f789faf4efd3875c31964d6f9cfa63a10dd1
  build: h7f98852_1002
  arch: x86_64
  subdir: linux-64
  build_number: 1002
  license: MIT
  license_family: MIT
  size: 27338
  timestamp: 1610027759842
- platform: linux-64
  name: xorg-libx11
  version: 1.8.7
  category: main
  manager: conda
  dependencies:
  - xorg-xproto *
  - libxcb >=1.15,<1.16.0a0
  - xorg-kbproto *
  - xorg-xextproto >=7.3.0,<8.0a0
  - libgcc-ng >=12
  url: https://conda.anaconda.org/conda-forge/linux-64/xorg-libx11-1.8.7-h8ee46fc_0.conda
  hash:
    md5: 49e482d882669206653b095f5206c05b
    sha256: 7a02a7beac472ae2759498550b5fc5261bf5be7a9a2b4648a3f67818a7bfefcf
  build: h8ee46fc_0
  arch: x86_64
  subdir: linux-64
  build_number: 0
  license: MIT
  license_family: MIT
  size: 828692
  timestamp: 1697056910935
- platform: linux-64
  name: xorg-libxau
  version: 1.0.11
  category: main
  manager: conda
  dependencies:
  - libgcc-ng >=12
  url: https://conda.anaconda.org/conda-forge/linux-64/xorg-libxau-1.0.11-hd590300_0.conda
  hash:
    md5: 2c80dc38fface310c9bd81b17037fee5
    sha256: 309751371d525ce50af7c87811b435c176915239fc9e132b99a25d5e1703f2d4
  build: hd590300_0
  arch: x86_64
  subdir: linux-64
  build_number: 0
  license: MIT
  license_family: MIT
  size: 14468
  timestamp: 1684637984591
- platform: linux-64
  name: xorg-libxcursor
  version: 1.2.0
  category: main
  manager: conda
  dependencies:
  - xorg-libxrender 0.9.*
  - xorg-libxfixes 5.0.*
  - xorg-libx11 >=1.7.2,<2.0a0
  - libgcc-ng >=12
  url: https://conda.anaconda.org/conda-forge/linux-64/xorg-libxcursor-1.2.0-h0b41bf4_1.conda
  hash:
    md5: b58859de3b5972860c36f638c8c0ebb6
    sha256: 109cffb4c07cec101fad55b3f8f8d1e83bb7acef00798a7d2fd6992f14218189
  build: h0b41bf4_1
  arch: x86_64
  subdir: linux-64
  build_number: 1
  license: MIT
  license_family: MIT
  size: 31383
  timestamp: 1677037230603
- platform: linux-64
  name: xorg-libxdmcp
  version: 1.1.3
  category: main
  manager: conda
  dependencies:
  - libgcc-ng >=9.3.0
  url: https://conda.anaconda.org/conda-forge/linux-64/xorg-libxdmcp-1.1.3-h7f98852_0.tar.bz2
  hash:
    md5: be93aabceefa2fac576e971aef407908
    sha256: 4df7c5ee11b8686d3453e7f3f4aa20ceef441262b49860733066c52cfd0e4a77
  build: h7f98852_0
  arch: x86_64
  subdir: linux-64
  build_number: 0
  license: MIT
  license_family: MIT
  size: 19126
  timestamp: 1610071769228
- platform: linux-64
  name: xorg-libxext
  version: 1.3.4
  category: main
  manager: conda
  dependencies:
  - xorg-libx11 >=1.7.2,<2.0a0
  - libgcc-ng >=12
  - xorg-xextproto *
  url: https://conda.anaconda.org/conda-forge/linux-64/xorg-libxext-1.3.4-h0b41bf4_2.conda
  hash:
    md5: 82b6df12252e6f32402b96dacc656fec
    sha256: 73e5cfbdff41ef8a844441f884412aa5a585a0f0632ec901da035a03e1fe1249
  build: h0b41bf4_2
  arch: x86_64
  subdir: linux-64
  build_number: 2
  license: MIT
  license_family: MIT
  size: 50143
  timestamp: 1677036907815
- platform: linux-64
  name: xorg-libxfixes
  version: 5.0.3
  category: main
  manager: conda
  dependencies:
  - xorg-fixesproto *
  - xorg-libx11 >=1.7.0,<2.0a0
  - libgcc-ng >=9.3.0
  url: https://conda.anaconda.org/conda-forge/linux-64/xorg-libxfixes-5.0.3-h7f98852_1004.tar.bz2
  hash:
    md5: e9a21aa4d5e3e5f1aed71e8cefd46b6a
    sha256: 1e426a1abb774ef1dcf741945ed5c42ad12ea2dc7aeed7682d293879c3e1e4c3
  build: h7f98852_1004
  arch: x86_64
  subdir: linux-64
  build_number: 1004
  license: MIT
  license_family: MIT
  size: 18145
  timestamp: 1617717802636
- platform: linux-64
  name: xorg-libxinerama
  version: 1.1.5
  category: main
  manager: conda
  dependencies:
  - xorg-libxext *
  - libstdcxx-ng >=12
  - libgcc-ng >=12
  url: https://conda.anaconda.org/conda-forge/linux-64/xorg-libxinerama-1.1.5-h27087fc_0.tar.bz2
  hash:
    md5: 2e1c65825c586444df23784f68bef90e
    sha256: 0dc50f019ab9871bd9a8be0b00a1e0fa98172ef9c775a13e2dac2924844bb75e
  build: h27087fc_0
  arch: x86_64
  subdir: linux-64
  build_number: 0
  license: MIT
  license_family: MIT
  size: 13350
  timestamp: 1667399989190
- platform: linux-64
  name: xorg-libxrandr
  version: 1.5.2
  category: main
  manager: conda
  dependencies:
  - xorg-libxrender *
  - xorg-libx11 >=1.7.1,<2.0a0
  - xorg-randrproto *
  - xorg-renderproto *
  - xorg-xextproto *
  - libgcc-ng >=9.3.0
  - xorg-libxext *
  url: https://conda.anaconda.org/conda-forge/linux-64/xorg-libxrandr-1.5.2-h7f98852_1.tar.bz2
  hash:
    md5: 5b0f7da25a4556c9619c3e4b4a98ab07
    sha256: ffd075a463896ed86d9519e26dc36f754b695b9c1e1b6115d34fe138b36d8200
  build: h7f98852_1
  arch: x86_64
  subdir: linux-64
  build_number: 1
  license: MIT
  license_family: MIT
  size: 29688
  timestamp: 1621515728586
- platform: linux-64
  name: xorg-libxrender
  version: 0.9.11
  category: main
  manager: conda
  dependencies:
  - xorg-renderproto *
  - xorg-libx11 >=1.8.6,<2.0a0
  - libgcc-ng >=12
  url: https://conda.anaconda.org/conda-forge/linux-64/xorg-libxrender-0.9.11-hd590300_0.conda
  hash:
    md5: ed67c36f215b310412b2af935bf3e530
    sha256: 26da4d1911473c965c32ce2b4ff7572349719eaacb88a066db8d968a4132c3f7
  build: hd590300_0
  arch: x86_64
  subdir: linux-64
  build_number: 0
  license: MIT
  license_family: MIT
  size: 37770
  timestamp: 1688300707994
- platform: linux-64
  name: xorg-randrproto
  version: 1.5.0
  category: main
  manager: conda
  dependencies:
  - libgcc-ng >=9.3.0
  url: https://conda.anaconda.org/conda-forge/linux-64/xorg-randrproto-1.5.0-h7f98852_1001.tar.bz2
  hash:
    md5: 68cce654461713977dac6f9ac1bce89a
    sha256: f5c7c2de3655a95153e900118959df6a50b6c104a3d7afaee3eadbf86b85fa2e
  build: h7f98852_1001
  arch: x86_64
  subdir: linux-64
  build_number: 1001
  license: MIT
  license_family: MIT
  size: 32984
  timestamp: 1621340029170
- platform: linux-64
  name: xorg-renderproto
  version: 0.11.1
  category: main
  manager: conda
  dependencies:
  - libgcc-ng >=9.3.0
  url: https://conda.anaconda.org/conda-forge/linux-64/xorg-renderproto-0.11.1-h7f98852_1002.tar.bz2
  hash:
    md5: 06feff3d2634e3097ce2fe681474b534
    sha256: 38942930f233d1898594dd9edf4b0c0786f3dbc12065a0c308634c37fd936034
  build: h7f98852_1002
  arch: x86_64
  subdir: linux-64
  build_number: 1002
  license: MIT
  license_family: MIT
  size: 9621
  timestamp: 1614866326326
- platform: linux-64
  name: xorg-xextproto
  version: 7.3.0
  category: main
  manager: conda
  dependencies:
  - libgcc-ng >=12
  url: https://conda.anaconda.org/conda-forge/linux-64/xorg-xextproto-7.3.0-h0b41bf4_1003.conda
  hash:
    md5: bce9f945da8ad2ae9b1d7165a64d0f87
    sha256: b8dda3b560e8a7830fe23be1c58cc41f407b2e20ae2f3b6901eb5842ba62b743
  build: h0b41bf4_1003
  arch: x86_64
  subdir: linux-64
  build_number: 1003
  license: MIT
  license_family: MIT
  size: 30270
  timestamp: 1677036833037
- platform: linux-64
  name: xorg-xproto
  version: 7.0.31
  category: main
  manager: conda
  dependencies:
  - libgcc-ng >=9.3.0
  url: https://conda.anaconda.org/conda-forge/linux-64/xorg-xproto-7.0.31-h7f98852_1007.tar.bz2
  hash:
    md5: b4a4381d54784606820704f7b5f05a15
    sha256: f197bb742a17c78234c24605ad1fe2d88b1d25f332b75d73e5ba8cf8fbc2a10d
  build: h7f98852_1007
  arch: x86_64
  subdir: linux-64
  build_number: 1007
  license: MIT
  license_family: MIT
  size: 74922
  timestamp: 1607291557628
